
Microsoft Visual Studio Solution File, Format Version 12.00
# Visual Studio Version 16
VisualStudioVersion = 16.0.30717.126
MinimumVisualStudioVersion = 10.0.40219.1
Project("{FAE04EC0-301F-11D3-BF4B-00C04F79EFBC}") = "Project", "Project\Project.csproj", "{DB6CE7B2-1B1D-4629-BEA3-1A947E917BB2}"
EndProject
Global
	GlobalSection(SolutionConfigurationPlatforms) = preSolution
		Debug|Any CPU = Debug|Any CPU
		Release|Any CPU = Release|Any CPU
	EndGlobalSection
	GlobalSection(ProjectConfigurationPlatforms) = postSolution
		{DB6CE7B2-1B1D-4629-BEA3-1A947E917BB2}.Debug|Any CPU.ActiveCfg = Debug|Any CPU
		{DB6CE7B2-1B1D-4629-BEA3-1A947E917BB2}.Debug|Any CPU.Build.0 = Debug|Any CPU
		{DB6CE7B2-1B1D-4629-BEA3-1A947E917BB2}.Release|Any CPU.ActiveCfg = Release|Any CPU
		{DB6CE7B2-1B1D-4629-BEA3-1A947E917BB2}.Release|Any CPU.Build.0 = Release|Any CPU
	EndGlobalSection
	GlobalSection(SolutionProperties) = preSolution
		HideSolutionNode = FALSE
	EndGlobalSection
	GlobalSection(ExtensibilityGlobals) = postSolution
		SolutionGuid = {CAFB9112-B3BD-4409-898C-A4419FE4F631}
	EndGlobalSection
EndGlobal
